
Microsoft Visual Studio Solution File, Format Version 12.00
# Visual Studio Version 16
VisualStudioVersion = 16.0.31129.286
MinimumVisualStudioVersion = 10.0.40219.1
Project("{FAE04EC0-301F-11D3-BF4B-00C04F79EFBC}") = "CSbasic3", "CSbasic3\CSbasic3.csproj", "{0120244D-D35A-4B4D-8142-9615ECB77B93}"
EndProject
Global
	GlobalSection(SolutionConfigurationPlatforms) = preSolution
		Debug|Any CPU = Debug|Any CPU
		Release|Any CPU = Release|Any CPU
	EndGlobalSection
	GlobalSection(ProjectConfigurationPlatforms) = postSolution
		{0120244D-D35A-4B4D-8142-9615ECB77B93}.Debug|Any CPU.ActiveCfg = Debug|Any CPU
		{0120244D-D35A-4B4D-8142-9615ECB77B93}.Debug|Any CPU.Build.0 = Debug|Any CPU
		{0120244D-D35A-4B4D-8142-9615ECB77B93}.Release|Any CPU.ActiveCfg = Release|Any CPU
		{0120244D-D35A-4B4D-8142-9615ECB77B93}.Release|Any CPU.Build.0 = Release|Any CPU
	EndGlobalSection
	GlobalSection(SolutionProperties) = preSolution
		HideSolutionNode = FALSE
	EndGlobalSection
	GlobalSection(ExtensibilityGlobals) = postSolution
		SolutionGuid = {9E87F48A-D15A-49DE-A0CB-4F19F1D8130C}
	EndGlobalSection
EndGlobal
